
Microsoft Visual Studio Solution File, Format Version 12.00
# Visual Studio Version 16
VisualStudioVersion = 16.0.29306.81
MinimumVisualStudioVersion = 10.0.40219.1
Project("{FAE04EC0-301F-11D3-BF4B-00C04F79EFBC}") = "1", "1\1.csproj", "{02A21BCD-B1FD-4403-A3A8-B4A8308149FF}"
EndProject
Global
	GlobalSection(SolutionConfigurationPlatforms) = preSolution
		Debug|Any CPU = Debug|Any CPU
		Release|Any CPU = Release|Any CPU
	EndGlobalSection
	GlobalSection(ProjectConfigurationPlatforms) = postSolution
		{02A21BCD-B1FD-4403-A3A8-B4A8308149FF}.Debug|Any CPU.ActiveCfg = Debug|Any CPU
		{02A21BCD-B1FD-4403-A3A8-B4A8308149FF}.Debug|Any CPU.Build.0 = Debug|Any CPU
		{02A21BCD-B1FD-4403-A3A8-B4A8308149FF}.Release|Any CPU.ActiveCfg = Release|Any CPU
		{02A21BCD-B1FD-4403-A3A8-B4A8308149FF}.Release|Any CPU.Build.0 = Release|Any CPU
	EndGlobalSection
	GlobalSection(SolutionProperties) = preSolution
		HideSolutionNode = FALSE
	EndGlobalSection
	GlobalSection(ExtensibilityGlobals) = postSolution
		SolutionGuid = {456D2D68-33DC-4747-8DC1-2C0873BE6407}
	EndGlobalSection
EndGlobal
